
Microsoft Visual Studio Solution File, Format Version 12.00
# Visual Studio Version 17
VisualStudioVersion = 17.5.002.0
MinimumVisualStudioVersion = 10.0.40219.1
Project("{9A19103F-16F7-4668-BE54-9A1E7A4F7556}") = "ClasseJogo", "ClasseJogo.csproj", "{57ADAEF9-46FC-4BF7-B5C7-2599F2D0EF97}"
EndProject
Global
	GlobalSection(SolutionConfigurationPlatforms) = preSolution
		Debug|Any CPU = Debug|Any CPU
		Release|Any CPU = Release|Any CPU
	EndGlobalSection
	GlobalSection(ProjectConfigurationPlatforms) = postSolution
		{57ADAEF9-46FC-4BF7-B5C7-2599F2D0EF97}.Debug|Any CPU.ActiveCfg = Debug|Any CPU
		{57ADAEF9-46FC-4BF7-B5C7-2599F2D0EF97}.Debug|Any CPU.Build.0 = Debug|Any CPU
		{57ADAEF9-46FC-4BF7-B5C7-2599F2D0EF97}.Release|Any CPU.ActiveCfg = Release|Any CPU
		{57ADAEF9-46FC-4BF7-B5C7-2599F2D0EF97}.Release|Any CPU.Build.0 = Release|Any CPU
	EndGlobalSection
	GlobalSection(SolutionProperties) = preSolution
		HideSolutionNode = FALSE
	EndGlobalSection
	GlobalSection(ExtensibilityGlobals) = postSolution
		SolutionGuid = {52370968-753D-4634-8EDC-90796162718D}
	EndGlobalSection
EndGlobal
